
Microsoft Visual Studio Solution File, Format Version 12.00
# Visual Studio 15
VisualStudioVersion = 15.0.26124.0
MinimumVisualStudioVersion = 15.0.26124.0
Project("{FAE04EC0-301F-11D3-BF4B-00C04F79EFBC}") = "Todo.Domain", "Todo.Domain\Todo.Domain.csproj", "{ABFB5C02-F687-4A5C-9EF2-D8F721EB2CFF}"
EndProject
Project("{FAE04EC0-301F-11D3-BF4B-00C04F79EFBC}") = "Todo.Domain.Api", "Todo.Domain.Api\Todo.Domain.Api.csproj", "{E6358723-7DD6-4F4A-8B86-1BBEBB8B2987}"
EndProject
Project("{FAE04EC0-301F-11D3-BF4B-00C04F79EFBC}") = "Todo.Domain.Infra", "Todo.Domain.Infra\Todo.Domain.Infra.csproj", "{07F8FF61-4A90-491A-A1FC-F491D9B258C8}"
EndProject
Project("{FAE04EC0-301F-11D3-BF4B-00C04F79EFBC}") = "Todo.Domain.Tests", "Todo.Domain.Tests\Todo.Domain.Tests.csproj", "{A9EA37BF-A434-4E8E-87EF-EF3AE276E702}"
EndProject
Global
	GlobalSection(SolutionConfigurationPlatforms) = preSolution
		Debug|Any CPU = Debug|Any CPU
		Debug|x64 = Debug|x64
		Debug|x86 = Debug|x86
		Release|Any CPU = Release|Any CPU
		Release|x64 = Release|x64
		Release|x86 = Release|x86
	EndGlobalSection
	GlobalSection(SolutionProperties) = preSolution
		HideSolutionNode = FALSE
	EndGlobalSection
	GlobalSection(ProjectConfigurationPlatforms) = postSolution
		{ABFB5C02-F687-4A5C-9EF2-D8F721EB2CFF}.Debug|Any CPU.ActiveCfg = Debug|Any CPU
		{ABFB5C02-F687-4A5C-9EF2-D8F721EB2CFF}.Debug|Any CPU.Build.0 = Debug|Any CPU
		{ABFB5C02-F687-4A5C-9EF2-D8F721EB2CFF}.Debug|x64.ActiveCfg = Debug|Any CPU
		{ABFB5C02-F687-4A5C-9EF2-D8F721EB2CFF}.Debug|x64.Build.0 = Debug|Any CPU
		{ABFB5C02-F687-4A5C-9EF2-D8F721EB2CFF}.Debug|x86.ActiveCfg = Debug|Any CPU
		{ABFB5C02-F687-4A5C-9EF2-D8F721EB2CFF}.Debug|x86.Build.0 = Debug|Any CPU
		{ABFB5C02-F687-4A5C-9EF2-D8F721EB2CFF}.Release|Any CPU.ActiveCfg = Release|Any CPU
		{ABFB5C02-F687-4A5C-9EF2-D8F721EB2CFF}.Release|Any CPU.Build.0 = Release|Any CPU
		{ABFB5C02-F687-4A5C-9EF2-D8F721EB2CFF}.Release|x64.ActiveCfg = Release|Any CPU
		{ABFB5C02-F687-4A5C-9EF2-D8F721EB2CFF}.Release|x64.Build.0 = Release|Any CPU
		{ABFB5C02-F687-4A5C-9EF2-D8F721EB2CFF}.Release|x86.ActiveCfg = Release|Any CPU
		{ABFB5C02-F687-4A5C-9EF2-D8F721EB2CFF}.Release|x86.Build.0 = Release|Any CPU
		{E6358723-7DD6-4F4A-8B86-1BBEBB8B2987}.Debug|Any CPU.ActiveCfg = Debug|Any CPU
		{E6358723-7DD6-4F4A-8B86-1BBEBB8B2987}.Debug|Any CPU.Build.0 = Debug|Any CPU
		{E6358723-7DD6-4F4A-8B86-1BBEBB8B2987}.Debug|x64.ActiveCfg = Debug|Any CPU
		{E6358723-7DD6-4F4A-8B86-1BBEBB8B2987}.Debug|x64.Build.0 = Debug|Any CPU
		{E6358723-7DD6-4F4A-8B86-1BBEBB8B2987}.Debug|x86.ActiveCfg = Debug|Any CPU
		{E6358723-7DD6-4F4A-8B86-1BBEBB8B2987}.Debug|x86.Build.0 = Debug|Any CPU
		{E6358723-7DD6-4F4A-8B86-1BBEBB8B2987}.Release|Any CPU.ActiveCfg = Release|Any CPU
		{E6358723-7DD6-4F4A-8B86-1BBEBB8B2987}.Release|Any CPU.Build.0 = Release|Any CPU
		{E6358723-7DD6-4F4A-8B86-1BBEBB8B2987}.Release|x64.ActiveCfg = Release|Any CPU
		{E6358723-7DD6-4F4A-8B86-1BBEBB8B2987}.Release|x64.Build.0 = Release|Any CPU
		{E6358723-7DD6-4F4A-8B86-1BBEBB8B2987}.Release|x86.ActiveCfg = Release|Any CPU
		{E6358723-7DD6-4F4A-8B86-1BBEBB8B2987}.Release|x86.Build.0 = Release|Any CPU
		{07F8FF61-4A90-491A-A1FC-F491D9B258C8}.Debug|Any CPU.ActiveCfg = Debug|Any CPU
		{07F8FF61-4A90-491A-A1FC-F491D9B258C8}.Debug|Any CPU.Build.0 = Debug|Any CPU
		{07F8FF61-4A90-491A-A1FC-F491D9B258C8}.Debug|x64.ActiveCfg = Debug|Any CPU
		{07F8FF61-4A90-491A-A1FC-F491D9B258C8}.Debug|x64.Build.0 = Debug|Any CPU
		{07F8FF61-4A90-491A-A1FC-F491D9B258C8}.Debug|x86.ActiveCfg = Debug|Any CPU
		{07F8FF61-4A90-491A-A1FC-F491D9B258C8}.Debug|x86.Build.0 = Debug|Any CPU
		{07F8FF61-4A90-491A-A1FC-F491D9B258C8}.Release|Any CPU.ActiveCfg = Release|Any CPU
		{07F8FF61-4A90-491A-A1FC-F491D9B258C8}.Release|Any CPU.Build.0 = Release|Any CPU
		{07F8FF61-4A90-491A-A1FC-F491D9B258C8}.Release|x64.ActiveCfg = Release|Any CPU
		{07F8FF61-4A90-491A-A1FC-F491D9B258C8}.Release|x64.Build.0 = Release|Any CPU
		{07F8FF61-4A90-491A-A1FC-F491D9B258C8}.Release|x86.ActiveCfg = Release|Any CPU
		{07F8FF61-4A90-491A-A1FC-F491D9B258C8}.Release|x86.Build.0 = Release|Any CPU
		{A9EA37BF-A434-4E8E-87EF-EF3AE276E702}.Debug|Any CPU.ActiveCfg = Debug|Any CPU
		{A9EA37BF-A434-4E8E-87EF-EF3AE276E702}.Debug|Any CPU.Build.0 = Debug|Any CPU
		{A9EA37BF-A434-4E8E-87EF-EF3AE276E702}.Debug|x64.ActiveCfg = Debug|Any CPU
		{A9EA37BF-A434-4E8E-87EF-EF3AE276E702}.Debug|x64.Build.0 = Debug|Any CPU
		{A9EA37BF-A434-4E8E-87EF-EF3AE276E702}.Debug|x86.ActiveCfg = Debug|Any CPU
		{A9EA37BF-A434-4E8E-87EF-EF3AE276E702}.Debug|x86.Build.0 = Debug|Any CPU
		{A9EA37BF-A434-4E8E-87EF-EF3AE276E702}.Release|Any CPU.ActiveCfg = Release|Any CPU
		{A9EA37BF-A434-4E8E-87EF-EF3AE276E702}.Release|Any CPU.Build.0 = Release|Any CPU
		{A9EA37BF-A434-4E8E-87EF-EF3AE276E702}.Release|x64.ActiveCfg = Release|Any CPU
		{A9EA37BF-A434-4E8E-87EF-EF3AE276E702}.Release|x64.Build.0 = Release|Any CPU
		{A9EA37BF-A434-4E8E-87EF-EF3AE276E702}.Release|x86.ActiveCfg = Release|Any CPU
		{A9EA37BF-A434-4E8E-87EF-EF3AE276E702}.Release|x86.Build.0 = Release|Any CPU
	EndGlobalSection
EndGlobal
